
Microsoft Visual Studio Solution File, Format Version 12.00
# Visual Studio Version 17
VisualStudioVersion = 17.8.34525.116
MinimumVisualStudioVersion = 10.0.40219.1
Project("{2150E333-8FDC-42A3-9474-1A3956D46DE8}") = "src", "src", "{8BA656AF-796C-42EF-9FDC-EB11F168E9AC}"
EndProject
Project("{2150E333-8FDC-42A3-9474-1A3956D46DE8}") = "testes", "testes", "{DC987397-3676-4724-B545-4C5DA132D41F}"
EndProject
Project("{FAE04EC0-301F-11D3-BF4B-00C04F79EFBC}") = "leilao.api", "src\leilao.api\leilao.api.csproj", "{27EC7615-1549-4C5F-8AF8-1D513857A338}"
EndProject
Global
	GlobalSection(SolutionConfigurationPlatforms) = preSolution
		Debug|Any CPU = Debug|Any CPU
		Release|Any CPU = Release|Any CPU
	EndGlobalSection
	GlobalSection(ProjectConfigurationPlatforms) = postSolution
		{27EC7615-1549-4C5F-8AF8-1D513857A338}.Debug|Any CPU.ActiveCfg = Debug|Any CPU
		{27EC7615-1549-4C5F-8AF8-1D513857A338}.Debug|Any CPU.Build.0 = Debug|Any CPU
		{27EC7615-1549-4C5F-8AF8-1D513857A338}.Release|Any CPU.ActiveCfg = Release|Any CPU
		{27EC7615-1549-4C5F-8AF8-1D513857A338}.Release|Any CPU.Build.0 = Release|Any CPU
	EndGlobalSection
	GlobalSection(SolutionProperties) = preSolution
		HideSolutionNode = FALSE
	EndGlobalSection
	GlobalSection(NestedProjects) = preSolution
		{27EC7615-1549-4C5F-8AF8-1D513857A338} = {8BA656AF-796C-42EF-9FDC-EB11F168E9AC}
	EndGlobalSection
	GlobalSection(ExtensibilityGlobals) = postSolution
		SolutionGuid = {F24D8E48-7F98-44F0-B79C-EB87DE764DC7}
	EndGlobalSection
EndGlobal
